<?xml version="1.0" encoding="utf-8"?>
<Project ToolsVersion="4.0" xmlns="http://schemas.microsoft.com/developer/msbuild/2003">
  <ItemGroup>
    <Filter Include="Source Files">
      <UniqueIdentifier>{4FC737F1-C7A5-4376-A066-2A32D752A2FF}</UniqueIdentifier>
      <Extensions>cpp;c;cc;cxx;def;odl;idl;hpj;bat;asm;asmx</Extensions>
    </Filter>
    <Filter Include="Header Files">
      <UniqueIdentifier>{93995380-89BD-4b04-88EB-625FBE52EBFB}</UniqueIdentifier>
      <Extensions>h;hh;hpp;hxx;hm;inl;inc;ipp;xsd</Extensions>
    </Filter>
    <Filter Include="Resource Files">
      <UniqueIdentifier>{67DA6AB6-F800-4c08-8B7A-83BB121AAD01}</UniqueIdentifier>
      <Extensions>rc;ico;cur;bmp;dlg;rc2;rct;bin;rgs;gif;jpg;jpeg;jpe;resx;tiff;tif;png;wav;mfcribbon-ms</Extensions>
    </Filter>
    <Filter Include="Data">
      <UniqueIdentifier>{9dd7a3bc-d1cd-4fbf-8d85-15d965706512}</UniqueIdentifier>
    </Filter>
  </ItemGroup>
  <ItemGroup>
    <None Include="brock200_1.clq">
      <Filter>Data</Filter>
    </None>
    <None Include="brock200_2.clq">
      <Filter>Data</Filter>
    </None>
    <None Include="brock200_3.clq">
      <Filter>Data</Filter>
    </None>
    <None Include="c-fat200-1.clq">
      <Filter>Data</Filter>
    </None>
    <None Include="c-fat200-2.clq">
      <Filter>Data</Filter>
    </None>
    <None Include="c-fat200-5.clq">
      <Filter>Data</Filter>
    </None>
    <None Include="c-fat500-1.clq">
      <Filter>Data</Filter>
    </None>
    <None Include="hamming6-2.clq">
      <Filter>Data</Filter>
    </None>
    <None Include="hamming6-4.clq">
      <Filter>Data</Filter>
    </None>
    <None Include="johnson8-2-4.clq">
      <Filter>Data</Filter>
    </None>
    <None Include="johnson8-4-4.clq">
      <Filter>Data</Filter>
    </None>
    <None Include="johnson16-2-4.clq">
      <Filter>Data</Filter>
    </None>
  </ItemGroup>
  <ItemGroup>
    <Text Include="inst_teste.txt">
      <Filter>Data</Filter>
    </Text>
    <Text Include="inst_teste1.txt">
      <Filter>Data</Filter>
    </Text>
  </ItemGroup>
  <ItemGroup>
    <ClInclude Include="socialNodework.h">
      <Filter>Header Files</Filter>
    </ClInclude>
    <ClInclude Include="utils.h">
      <Filter>Header Files</Filter>
    </ClInclude>
    <ClInclude Include="algorithms.h">
      <Filter>Header Files</Filter>
    </ClInclude>
  </ItemGroup>
  <ItemGroup>
    <ClCompile Include="socialNodework.c">
      <Filter>Source Files</Filter>
    </ClCompile>
    <ClCompile Include="utils.c">
      <Filter>Source Files</Filter>
    </ClCompile>
    <ClCompile Include="algorithms.c">
      <Filter>Source Files</Filter>
    </ClCompile>
  </ItemGroup>
</Project>